// !$*UTF8*$!
{
	archiveVersion = 1;
	classes = {
	};
	objectVersion = 50;
	objects = {

/* Begin PBXBuildFile section */
		5441C66B251EB9E200385BB9 /* AppDelegate.swift in Sources */ = {isa = PBXBuildFile; fileRef = 5441C66A251EB9E200385BB9 /* AppDelegate.swift */; };
		5441C66D251EB9E200385BB9 /* SceneDelegate.swift in Sources */ = {isa = PBXBuildFile; fileRef = 5441C66C251EB9E200385BB9 /* SceneDelegate.swift */; };
		5441C66F251EB9E200385BB9 /* ViewController.swift in Sources */ = {isa = PBXBuildFile; fileRef = 5441C66E251EB9E200385BB9 /* ViewController.swift */; };
		5441C672251EB9E200385BB9 /* Main.storyboard in Resources */ = {isa = PBXBuildFile; fileRef = 5441C670251EB9E200385BB9 /* Main.storyboard */; };
		5441C674251EB9E600385BB9 /* Assets.xcassets in Resources */ = {isa = PBXBuildFile; fileRef = 5441C673251EB9E600385BB9 /* Assets.xcassets */; };
		5441C677251EB9E600385BB9 /* LaunchScreen.storyboard in Resources */ = {isa = PBXBuildFile; fileRef = 5441C675251EB9E600385BB9 /* LaunchScreen.storyboard */; };
		5441C682251EB9E800385BB9 /* CustomActionsTests.swift in Sources */ = {isa = PBXBuildFile; fileRef = 5441C681251EB9E800385BB9 /* CustomActionsTests.swift */; };
		5441C68D251EB9E800385BB9 /* CustomActionsUITests.swift in Sources */ = {isa = PBXBuildFile; fileRef = 5441C68C251EB9E800385BB9 /* CustomActionsUITests.swift */; };
		5441C69F251EC6DB00385BB9 /* AttributedLabelTapGestureRecognizer.swift in Sources */ = {isa = PBXBuildFile; fileRef = 5441C69E251EC6DB00385BB9 /* AttributedLabelTapGestureRecognizer.swift */; };
/* End PBXBuildFile section */

/* Begin PBXContainerItemProxy section */
		5441C67E251EB9E700385BB9 /* PBXContainerItemProxy */ = {
			isa = PBXContainerItemProxy;
			containerPortal = 5441C65F251EB9E100385BB9 /* Project object */;
			proxyType = 1;
			remoteGlobalIDString = 5441C666251EB9E100385BB9;
			remoteInfo = CustomActions;
		};
		5441C689251EB9E800385BB9 /* PBXContainerItemProxy */ = {
			isa = PBXContainerItemProxy;
			containerPortal = 5441C65F251EB9E100385BB9 /* Project object */;
			proxyType = 1;
			remoteGlobalIDString = 5441C666251EB9E100385BB9;
			remoteInfo = CustomActions;
		};
/* End PBXContainerItemProxy section */

/* Begin PBXFileReference section */
		5441C667251EB9E100385BB9 /* CustomActions.app */ = {isa = PBXFileReference; explicitFileType = wrapper.application; includeInIndex = 0; path = CustomActions.app; sourceTree = BUILT_PRODUCTS_DIR; };
		5441C66A251EB9E200385BB9 /* AppDelegate.swift */ = {isa = PBXFileReference; lastKnownFileType = sourcecode.swift; path = AppDelegate.swift; sourceTree = "<group>"; };
		5441C66C251EB9E200385BB9 /* SceneDelegate.swift */ = {isa = PBXFileReference; lastKnownFileType = sourcecode.swift; path = SceneDelegate.swift; sourceTree = "<group>"; };
		5441C66E251EB9E200385BB9 /* ViewController.swift */ = {isa = PBXFileReference; lastKnownFileType = sourcecode.swift; path = ViewController.swift; sourceTree = "<group>"; };
		5441C671251EB9E200385BB9 /* Base */ = {isa = PBXFileReference; lastKnownFileType = file.storyboard; name = Base; path = Base.lproj/Main.storyboard; sourceTree = "<group>"; };
		5441C673251EB9E600385BB9 /* Assets.xcassets */ = {isa = PBXFileReference; lastKnownFileType = folder.assetcatalog; path = Assets.xcassets; sourceTree = "<group>"; };
		5441C676251EB9E600385BB9 /* Base */ = {isa = PBXFileReference; lastKnownFileType = file.storyboard; name = Base; path = Base.lproj/LaunchScreen.storyboard; sourceTree = "<group>"; };
		5441C678251EB9E600385BB9 /* Info.plist */ = {isa = PBXFileReference; lastKnownFileType = text.plist.xml; path = Info.plist; sourceTree = "<group>"; };
		5441C67D251EB9E700385BB9 /* CustomActionsTests.xctest */ = {isa = PBXFileReference; explicitFileType = wrapper.cfbundle; includeInIndex = 0; path = CustomActionsTests.xctest; sourceTree = BUILT_PRODUCTS_DIR; };
		5441C681251EB9E800385BB9 /* CustomActionsTests.swift */ = {isa = PBXFileReference; lastKnownFileType = sourcecode.swift; path = CustomActionsTests.swift; sourceTree = "<group>"; };
		5441C683251EB9E800385BB9 /* Info.plist */ = {isa = PBXFileReference; lastKnownFileType = text.plist.xml; path = Info.plist; sourceTree = "<group>"; };
		5441C688251EB9E800385BB9 /* CustomActionsUITests.xctest */ = {isa = PBXFileReference; explicitFileType = wrapper.cfbundle; includeInIndex = 0; path = CustomActionsUITests.xctest; sourceTree = BUILT_PRODUCTS_DIR; };
		5441C68C251EB9E800385BB9 /* CustomActionsUITests.swift */ = {isa = PBXFileReference; lastKnownFileType = sourcecode.swift; path = CustomActionsUITests.swift; sourceTree = "<group>"; };
		5441C68E251EB9E800385BB9 /* Info.plist */ = {isa = PBXFileReference; lastKnownFileType = text.plist.xml; path = Info.plist; sourceTree = "<group>"; };
		5441C69E251EC6DB00385BB9 /* AttributedLabelTapGestureRecognizer.swift */ = {isa = PBXFileReference; lastKnownFileType = sourcecode.swift; path = AttributedLabelTapGestureRecognizer.swift; sourceTree = "<group>"; };
/* End PBXFileReference section */

/* Begin PBXFrameworksBuildPhase section */
		5441C664251EB9E100385BB9 /* Frameworks */ = {
			isa = PBXFrameworksBuildPhase;
			buildActionMask = 2147483647;
			files = (
			);
			runOnlyForDeploymentPostprocessing = 0;
		};
		5441C67A251EB9E700385BB9 /* Frameworks */ = {
			isa = PBXFrameworksBuildPhase;
			buildActionMask = 2147483647;
			files = (
			);
			runOnlyForDeploymentPostprocessing = 0;
		};
		5441C685251EB9E800385BB9 /* Frameworks */ = {
			isa = PBXFrameworksBuildPhase;
			buildActionMask = 2147483647;
			files = (
			);
			runOnlyForDeploymentPostprocessing = 0;
		};
/* End PBXFrameworksBuildPhase section */

/* Begin PBXGroup section */
		5441C65E251EB9E100385BB9 = {
			isa = PBXGroup;
			children = (
				5441C669251EB9E100385BB9 /* CustomActions */,
				5441C680251EB9E800385BB9 /* CustomActionsTests */,
				5441C68B251EB9E800385BB9 /* CustomActionsUITests */,
				5441C668251EB9E100385BB9 /* Products */,
			);
			sourceTree = "<group>";
		};
		5441C668251EB9E100385BB9 /* Products */ = {
			isa = PBXGroup;
			children = (
				5441C667251EB9E100385BB9 /* CustomActions.app */,
				5441C67D251EB9E700385BB9 /* CustomActionsTests.xctest */,
				5441C688251EB9E800385BB9 /* CustomActionsUITests.xctest */,
			);
			name = Products;
			sourceTree = "<group>";
		};
		5441C669251EB9E100385BB9 /* CustomActions */ = {
			isa = PBXGroup;
			children = (
				5441C66A251EB9E200385BB9 /* AppDelegate.swift */,
				5441C66C251EB9E200385BB9 /* SceneDelegate.swift */,
				5441C66E251EB9E200385BB9 /* ViewController.swift */,
				5441C670251EB9E200385BB9 /* Main.storyboard */,
				5441C673251EB9E600385BB9 /* Assets.xcassets */,
				5441C675251EB9E600385BB9 /* LaunchScreen.storyboard */,
				5441C678251EB9E600385BB9 /* Info.plist */,
				5441C69E251EC6DB00385BB9 /* AttributedLabelTapGestureRecognizer.swift */,
			);
			path = CustomActions;
			sourceTree = "<group>";
		};
		5441C680251EB9E800385BB9 /* CustomActionsTests */ = {
			isa = PBXGroup;
			children = (
				5441C681251EB9E800385BB9 /* CustomActionsTests.swift */,
				5441C683251EB9E800385BB9 /* Info.plist */,
			);
			path = CustomActionsTests;
			sourceTree = "<group>";
		};
		5441C68B251EB9E800385BB9 /* CustomActionsUITests */ = {
			isa = PBXGroup;
			children = (
				5441C68C251EB9E800385BB9 /* CustomActionsUITests.swift */,
				5441C68E251EB9E800385BB9 /* Info.plist */,
			);
			path = CustomActionsUITests;
			sourceTree = "<group>";
		};
/* End PBXGroup section */

/* Begin PBXNativeTarget section */
		5441C666251EB9E100385BB9 /* CustomActions */ = {
			isa = PBXNativeTarget;
			buildConfigurationList = 5441C691251EB9E800385BB9 /* Build configuration list for PBXNativeTarget "CustomActions" */;
			buildPhases = (
				5441C663251EB9E100385BB9 /* Sources */,
				5441C664251EB9E100385BB9 /* Frameworks */,
				5441C665251EB9E100385BB9 /* Resources */,
			);
			buildRules = (
			);
			dependencies = (
			);
			name = CustomActions;
			productName = CustomActions;
			productReference = 5441C667251EB9E100385BB9 /* CustomActions.app */;
			productType = "com.apple.product-type.application";
		};
		5441C67C251EB9E700385BB9 /* CustomActionsTests */ = {
			isa = PBXNativeTarget;
			buildConfigurationList = 5441C694251EB9E800385BB9 /* Build configuration list for PBXNativeTarget "CustomActionsTests" */;
			buildPhases = (
				5441C679251EB9E700385BB9 /* Sources */,
				5441C67A251EB9E700385BB9 /* Frameworks */,
				5441C67B251EB9E700385BB9 /* Resources */,
			);
			buildRules = (
			);
			dependencies = (
				5441C67F251EB9E700385BB9 /* PBXTargetDependency */,
			);
			name = CustomActionsTests;
			productName = CustomActionsTests;
			productReference = 5441C67D251EB9E700385BB9 /* CustomActionsTests.xctest */;
			productType = "com.apple.product-type.bundle.unit-test";
		};
		5441C687251EB9E800385BB9 /* CustomActionsUITests */ = {
			isa = PBXNativeTarget;
			buildConfigurationList = 5441C697251EB9E800385BB9 /* Build configuration list for PBXNativeTarget "CustomActionsUITests" */;
			buildPhases = (
				5441C684251EB9E800385BB9 /* Sources */,
				5441C685251EB9E800385BB9 /* Frameworks */,
				5441C686251EB9E800385BB9 /* Resources */,
			);
			buildRules = (
			);
			dependencies = (
				5441C68A251EB9E800385BB9 /* PBXTargetDependency */,
			);
			name = CustomActionsUITests;
			productName = CustomActionsUITests;
			productReference = 5441C688251EB9E800385BB9 /* CustomActionsUITests.xctest */;
			productType = "com.apple.product-type.bundle.ui-testing";
		};
/* End PBXNativeTarget section */

/* Begin PBXProject section */
		5441C65F251EB9E100385BB9 /* Project object */ = {
			isa = PBXProject;
			attributes = {
				LastSwiftUpdateCheck = 1200;
				LastUpgradeCheck = 1200;
				TargetAttributes = {
					5441C666251EB9E100385BB9 = {
						CreatedOnToolsVersion = 12.0;
					};
					5441C67C251EB9E700385BB9 = {
						CreatedOnToolsVersion = 12.0;
						TestTargetID = 5441C666251EB9E100385BB9;
					};
					5441C687251EB9E800385BB9 = {
						CreatedOnToolsVersion = 12.0;
						TestTargetID = 5441C666251EB9E100385BB9;
					};
				};
			};
			buildConfigurationList = 5441C662251EB9E100385BB9 /* Build configuration list for PBXProject "CustomActions" */;
			compatibilityVersion = "Xcode 9.3";
			developmentRegion = en;
			hasScannedForEncodings = 0;
			knownRegions = (
				en,
				Base,
			);
			mainGroup = 5441C65E251EB9E100385BB9;
			productRefGroup = 5441C668251EB9E100385BB9 /* Products */;
			projectDirPath = "";
			projectRoot = "";
			targets = (
				5441C666251EB9E100385BB9 /* CustomActions */,
				5441C67C251EB9E700385BB9 /* CustomActionsTests */,
				5441C687251EB9E800385BB9 /* CustomActionsUITests */,
			);
		};
/* End PBXProject section */

/* Begin PBXResourcesBuildPhase section */
		5441C665251EB9E100385BB9 /* Resources */ = {
			isa = PBXResourcesBuildPhase;
			buildActionMask = 2147483647;
			files = (
				5441C677251EB9E600385BB9 /* LaunchScreen.storyboard in Resources */,
				5441C674251EB9E600385BB9 /* Assets.xcassets in Resources */,
				5441C672251EB9E200385BB9 /* Main.storyboard in Resources */,
			);
			runOnlyForDeploymentPostprocessing = 0;
		};
		5441C67B251EB9E700385BB9 /* Resources */ = {
			isa = PBXResourcesBuildPhase;
			buildActionMask = 2147483647;
			files = (
			);
			runOnlyForDeploymentPostprocessing = 0;
		};
		5441C686251EB9E800385BB9 /* Resources */ = {
			isa = PBXResourcesBuildPhase;
			buildActionMask = 2147483647;
			files = (
			);
			runOnlyForDeploymentPostprocessing = 0;
		};
/* End PBXResourcesBuildPhase section */

/* Begin PBXSourcesBuildPhase section */
		5441C663251EB9E100385BB9 /* Sources */ = {
			isa = PBXSourcesBuildPhase;
			buildActionMask = 2147483647;
			files = (
				5441C69F251EC6DB00385BB9 /* AttributedLabelTapGestureRecognizer.swift in Sources */,
				5441C66F251EB9E200385BB9 /* ViewController.swift in Sources */,
				5441C66B251EB9E200385BB9 /* AppDelegate.swift in Sources */,
				5441C66D251EB9E200385BB9 /* SceneDelegate.swift in Sources */,
			);
			runOnlyForDeploymentPostprocessing = 0;
		};
		5441C679251EB9E700385BB9 /* Sources */ = {
			isa = PBXSourcesBuildPhase;
			buildActionMask = 2147483647;
			files = (
				5441C682251EB9E800385BB9 /* CustomActionsTests.swift in Sources */,
			);
			runOnlyForDeploymentPostprocessing = 0;
		};
		5441C684251EB9E800385BB9 /* Sources */ = {
			isa = PBXSourcesBuildPhase;
			buildActionMask = 2147483647;
			files = (
				5441C68D251EB9E800385BB9 /* CustomActionsUITests.swift in Sources */,
			);
			runOnlyForDeploymentPostprocessing = 0;
		};
/* End PBXSourcesBuildPhase section */

/* Begin PBXTargetDependency section */
		5441C67F251EB9E700385BB9 /* PBXTargetDependency */ = {
			isa = PBXTargetDependency;
			target = 5441C666251EB9E100385BB9 /* CustomActions */;
			targetProxy = 5441C67E251EB9E700385BB9 /* PBXContainerItemProxy */;
		};
		5441C68A251EB9E800385BB9 /* PBXTargetDependency */ = {
			isa = PBXTargetDependency;
			target = 5441C666251EB9E100385BB9 /* CustomActions */;
			targetProxy = 5441C689251EB9E800385BB9 /* PBXContainerItemProxy */;
		};
/* End PBXTargetDependency section */

/* Begin PBXVariantGroup section */
		5441C670251EB9E200385BB9 /* Main.storyboard */ = {
			isa = PBXVariantGroup;
			children = (
				5441C671251EB9E200385BB9 /* Base */,
			);
			name = Main.storyboard;
			sourceTree = "<group>";
		};
		5441C675251EB9E600385BB9 /* LaunchScreen.storyboard */ = {
			isa = PBXVariantGroup;
			children = (
				5441C676251EB9E600385BB9 /* Base */,
			);
			name = LaunchScreen.storyboard;
			sourceTree = "<group>";
		};
/* End PBXVariantGroup section */

/* Begin XCBuildConfiguration section */
		5441C68F251EB9E800385BB9 /* Debug */ = {
			isa = XCBuildConfiguration;
			buildSettings = {
				ALWAYS_SEARCH_USER_PATHS = NO;
				CLANG_ANALYZER_NONNULL = YES;
				CLANG_ANALYZER_NUMBER_OBJECT_CONVERSION = YES_AGGRESSIVE;
				CLANG_CXX_LANGUAGE_STANDARD = "gnu++14";
				CLANG_CXX_LIBRARY = "libc++";
				CLANG_ENABLE_MODULES = YES;
				CLANG_ENABLE_OBJC_ARC = YES;
				CLANG_ENABLE_OBJC_WEAK = YES;
				CLANG_WARN_BLOCK_CAPTURE_AUTORELEASING = YES;
				CLANG_WARN_BOOL_CONVERSION = YES;
				CLANG_WARN_COMMA = YES;
				CLANG_WARN_CONSTANT_CONVERSION = YES;
				CLANG_WARN_DEPRECATED_OBJC_IMPLEMENTATIONS = YES;
				CLANG_WARN_DIRECT_OBJC_ISA_USAGE = YES_ERROR;
				CLANG_WARN_DOCUMENTATION_COMMENTS = YES;
				CLANG_WARN_EMPTY_BODY = YES;
				CLANG_WARN_ENUM_CONVERSION = YES;
				CLANG_WARN_INFINITE_RECURSION = YES;
				CLANG_WARN_INT_CONVERSION = YES;
				CLANG_WARN_NON_LITERAL_NULL_CONVERSION = YES;
				CLANG_WARN_OBJC_IMPLICIT_RETAIN_SELF = YES;
				CLANG_WARN_OBJC_LITERAL_CONVERSION = YES;
				CLANG_WARN_OBJC_ROOT_CLASS = YES_ERROR;
				CLANG_WARN_QUOTED_INCLUDE_IN_FRAMEWORK_HEADER = YES;
				CLANG_WARN_RANGE_LOOP_ANALYSIS = YES;
				CLANG_WARN_STRICT_PROTOTYPES = YES;
				CLANG_WARN_SUSPICIOUS_MOVE = YES;
				CLANG_WARN_UNGUARDED_AVAILABILITY = YES_AGGRESSIVE;
				CLANG_WARN_UNREACHABLE_CODE = YES;
				CLANG_WARN__DUPLICATE_METHOD_MATCH = YES;
				COPY_PHASE_STRIP = NO;
				DEBUG_INFORMATION_FORMAT = dwarf;
				ENABLE_STRICT_OBJC_MSGSEND = YES;
				ENABLE_TESTABILITY = YES;
				GCC_C_LANGUAGE_STANDARD = gnu11;
				GCC_DYNAMIC_NO_PIC = NO;
				GCC_NO_COMMON_BLOCKS = YES;
				GCC_OPTIMIZATION_LEVEL = 0;
				GCC_PREPROCESSOR_DEFINITIONS = (
					"DEBUG=1",
					"$(inherited)",
				);
				GCC_WARN_64_TO_32_BIT_CONVERSION = YES;
				GCC_WARN_ABOUT_RETURN_TYPE = YES_ERROR;
				GCC_WARN_UNDECLARED_SELECTOR = YES;
				GCC_WARN_UNINITIALIZED_AUTOS = YES_AGGRESSIVE;
				GCC_WARN_UNUSED_FUNCTION = YES;
				GCC_WARN_UNUSED_VARIABLE = YES;
				IPHONEOS_DEPLOYMENT_TARGET = 14.0;
				MTL_ENABLE_DEBUG_INFO = INCLUDE_SOURCE;
				MTL_FAST_MATH = YES;
				ONLY_ACTIVE_ARCH = YES;
				SDKROOT = iphoneos;
				SWIFT_ACTIVE_COMPILATION_CONDITIONS = DEBUG;
				SWIFT_OPTIMIZATION_LEVEL = "-Onone";
			};
			name = Debug;
		};
		5441C690251EB9E800385BB9 /* Release */ = {
			isa = XCBuildConfiguration;
			buildSettings = {
				ALWAYS_SEARCH_USER_PATHS = NO;
				CLANG_ANALYZER_NONNULL = YES;
				CLANG_ANALYZER_NUMBER_OBJECT_CONVERSION = YES_AGGRESSIVE;
				CLANG_CXX_LANGUAGE_STANDARD = "gnu++14";
				CLANG_CXX_LIBRARY = "libc++";
				CLANG_ENABLE_MODULES = YES;
				CLANG_ENABLE_OBJC_ARC = YES;
				CLANG_ENABLE_OBJC_WEAK = YES;
				CLANG_WARN_BLOCK_CAPTURE_AUTORELEASING = YES;
				CLANG_WARN_BOOL_CONVERSION = YES;
				CLANG_WARN_COMMA = YES;
				CLANG_WARN_CONSTANT_CONVERSION = YES;
				CLANG_WARN_DEPRECATED_OBJC_IMPLEMENTATIONS = YES;
				CLANG_WARN_DIRECT_OBJC_ISA_USAGE = YES_ERROR;
				CLANG_WARN_DOCUMENTATION_COMMENTS = YES;
				CLANG_WARN_EMPTY_BODY = YES;
				CLANG_WARN_ENUM_CONVERSION = YES;
				CLANG_WARN_INFINITE_RECURSION = YES;
				CLANG_WARN_INT_CONVERSION = YES;
				CLANG_WARN_NON_LITERAL_NULL_CONVERSION = YES;
				CLANG_WARN_OBJC_IMPLICIT_RETAIN_SELF = YES;
				CLANG_WARN_OBJC_LITERAL_CONVERSION = YES;
				CLANG_WARN_OBJC_ROOT_CLASS = YES_ERROR;
				CLANG_WARN_QUOTED_INCLUDE_IN_FRAMEWORK_HEADER = YES;
				CLANG_WARN_RANGE_LOOP_ANALYSIS = YES;
				CLANG_WARN_STRICT_PROTOTYPES = YES;
				CLANG_WARN_SUSPICIOUS_MOVE = YES;
				CLANG_WARN_UNGUARDED_AVAILABILITY = YES_AGGRESSIVE;
				CLANG_WARN_UNREACHABLE_CODE = YES;
				CLANG_WARN__DUPLICATE_METHOD_MATCH = YES;
				COPY_PHASE_STRIP = NO;
				DEBUG_INFORMATION_FORMAT = "dwarf-with-dsym";
				ENABLE_NS_ASSERTIONS = NO;
				ENABLE_STRICT_OBJC_MSGSEND = YES;
				GCC_C_LANGUAGE_STANDARD = gnu11;
				GCC_NO_COMMON_BLOCKS = YES;
				GCC_WARN_64_TO_32_BIT_CONVERSION = YES;
				GCC_WARN_ABOUT_RETURN_TYPE = YES_ERROR;
				GCC_WARN_UNDECLARED_SELECTOR = YES;
				GCC_WARN_UNINITIALIZED_AUTOS = YES_AGGRESSIVE;
				GCC_WARN_UNUSED_FUNCTION = YES;
				GCC_WARN_UNUSED_VARIABLE = YES;
				IPHONEOS_DEPLOYMENT_TARGET = 14.0;
				MTL_ENABLE_DEBUG_INFO = NO;
				MTL_FAST_MATH = YES;
				SDKROOT = iphoneos;
				SWIFT_COMPILATION_MODE = wholemodule;
				SWIFT_OPTIMIZATION_LEVEL = "-O";
				VALIDATE_PRODUCT = YES;
			};
			name = Release;
		};
		5441C692251EB9E800385BB9 /* Debug */ = {
			isa = XCBuildConfiguration;
			buildSettings = {
				ASSETCATALOG_COMPILER_APPICON_NAME = AppIcon;
				ASSETCATALOG_COMPILER_GLOBAL_ACCENT_COLOR_NAME = AccentColor;
				CODE_SIGN_STYLE = Automatic;
				DEVELOPMENT_TEAM = 25W5NPG7YD;
				INFOPLIST_FILE = CustomActions/Info.plist;
				IPHONEOS_DEPLOYMENT_TARGET = 13.0;
				LD_RUNPATH_SEARCH_PATHS = (
					"$(inherited)",
					"@executable_path/Frameworks",
				);
				PRODUCT_BUNDLE_IDENTIFIER = Favinha.CustomActions;
				PRODUCT_NAME = "$(TARGET_NAME)";
				SWIFT_VERSION = 5.0;
				TARGETED_DEVICE_FAMILY = "1,2";
			};
			name = Debug;
		};
		5441C693251EB9E800385BB9 /* Release */ = {
			isa = XCBuildConfiguration;
			buildSettings = {
				ASSETCATALOG_COMPILER_APPICON_NAME = AppIcon;
				ASSETCATALOG_COMPILER_GLOBAL_ACCENT_COLOR_NAME = AccentColor;
				CODE_SIGN_STYLE = Automatic;
				DEVELOPMENT_TEAM = 25W5NPG7YD;
				INFOPLIST_FILE = CustomActions/Info.plist;
				IPHONEOS_DEPLOYMENT_TARGET = 13.0;
				LD_RUNPATH_SEARCH_PATHS = (
					"$(inherited)",
					"@executable_path/Frameworks",
				);
				PRODUCT_BUNDLE_IDENTIFIER = Favinha.CustomActions;
				PRODUCT_NAME = "$(TARGET_NAME)";
				SWIFT_VERSION = 5.0;
				TARGETED_DEVICE_FAMILY = "1,2";
			};
			name = Release;
		};
		5441C695251EB9E800385BB9 /* Debug */ = {
			isa = XCBuildConfiguration;
			buildSettings = {
				ALWAYS_EMBED_SWIFT_STANDARD_LIBRARIES = YES;
				BUNDLE_LOADER = "$(TEST_HOST)";
				CODE_SIGN_STYLE = Automatic;
				INFOPLIST_FILE = CustomActionsTests/Info.plist;
				IPHONEOS_DEPLOYMENT_TARGET = 14.0;
				LD_RUNPATH_SEARCH_PATHS = (
					"$(inherited)",
					"@executable_path/Frameworks",
					"@loader_path/Frameworks",
				);
				PRODUCT_BUNDLE_IDENTIFIER = Favinha.CustomActionsTests;
				PRODUCT_NAME = "$(TARGET_NAME)";
				SWIFT_VERSION = 5.0;
				TARGETED_DEVICE_FAMILY = "1,2";
				TEST_HOST = "$(BUILT_PRODUCTS_DIR)/CustomActions.app/CustomActions";
			};
			name = Debug;
		};
		5441C696251EB9E800385BB9 /* Release */ = {
			isa = XCBuildConfiguration;
			buildSettings = {
				ALWAYS_EMBED_SWIFT_STANDARD_LIBRARIES = YES;
				BUNDLE_LOADER = "$(TEST_HOST)";
				CODE_SIGN_STYLE = Automatic;
				INFOPLIST_FILE = CustomActionsTests/Info.plist;
				IPHONEOS_DEPLOYMENT_TARGET = 14.0;
				LD_RUNPATH_SEARCH_PATHS = (
					"$(inherited)",
					"@executable_path/Frameworks",
					"@loader_path/Frameworks",
				);
				PRODUCT_BUNDLE_IDENTIFIER = Favinha.CustomActionsTests;
				PRODUCT_NAME = "$(TARGET_NAME)";
				SWIFT_VERSION = 5.0;
				TARGETED_DEVICE_FAMILY = "1,2";
				TEST_HOST = "$(BUILT_PRODUCTS_DIR)/CustomActions.app/CustomActions";
			};
			name = Release;
		};
		5441C698251EB9E800385BB9 /* Debug */ = {
			isa = XCBuildConfiguration;
			buildSettings = {
				ALWAYS_EMBED_SWIFT_STANDARD_LIBRARIES = YES;
				CODE_SIGN_STYLE = Automatic;
				INFOPLIST_FILE = CustomActionsUITests/Info.plist;
				LD_RUNPATH_SEARCH_PATHS = (
					"$(inherited)",
					"@executable_path/Frameworks",
					"@loader_path/Frameworks",
				);
				PRODUCT_BUNDLE_IDENTIFIER = Favinha.CustomActionsUITests;
				PRODUCT_NAME = "$(TARGET_NAME)";
				SWIFT_VERSION = 5.0;
				TARGETED_DEVICE_FAMILY = "1,2";
				TEST_TARGET_NAME = CustomActions;
			};
			name = Debug;
		};
		5441C699251EB9E800385BB9 /* Release */ = {
			isa = XCBuildConfiguration;
			buildSettings = {
				ALWAYS_EMBED_SWIFT_STANDARD_LIBRARIES = YES;
				CODE_SIGN_STYLE = Automatic;
				INFOPLIST_FILE = CustomActionsUITests/Info.plist;
				LD_RUNPATH_SEARCH_PATHS = (
					"$(inherited)",
					"@executable_path/Frameworks",
					"@loader_path/Frameworks",
				);
				PRODUCT_BUNDLE_IDENTIFIER = Favinha.CustomActionsUITests;
				PRODUCT_NAME = "$(TARGET_NAME)";
				SWIFT_VERSION = 5.0;
				TARGETED_DEVICE_FAMILY = "1,2";
				TEST_TARGET_NAME = CustomActions;
			};
			name = Release;
		};
/* End XCBuildConfiguration section */

/* Begin XCConfigurationList section */
		5441C662251EB9E100385BB9 /* Build configuration list for PBXProject "CustomActions" */ = {
			isa = XCConfigurationList;
			buildConfigurations = (
				5441C68F251EB9E800385BB9 /* Debug */,
				5441C690251EB9E800385BB9 /* Release */,
			);
			defaultConfigurationIsVisible = 0;
			defaultConfigurationName = Release;
		};
		5441C691251EB9E800385BB9 /* Build configuration list for PBXNativeTarget "CustomActions" */ = {
			isa = XCConfigurationList;
			buildConfigurations = (
				5441C692251EB9E800385BB9 /* Debug */,
				5441C693251EB9E800385BB9 /* Release */,
			);
			defaultConfigurationIsVisible = 0;
			defaultConfigurationName = Release;
		};
		5441C694251EB9E800385BB9 /* Build configuration list for PBXNativeTarget "CustomActionsTests" */ = {
			isa = XCConfigurationList;
			buildConfigurations = (
				5441C695251EB9E800385BB9 /* Debug */,
				5441C696251EB9E800385BB9 /* Release */,
			);
			defaultConfigurationIsVisible = 0;
			defaultConfigurationName = Release;
		};
		5441C697251EB9E800385BB9 /* Build configuration list for PBXNativeTarget "CustomActionsUITests" */ = {
			isa = XCConfigurationList;
			buildConfigurations = (
				5441C698251EB9E800385BB9 /* Debug */,
				5441C699251EB9E800385BB9 /* Release */,
			);
			defaultConfigurationIsVisible = 0;
			defaultConfigurationName = Release;
		};
/* End XCConfigurationList section */
	};
	rootObject = 5441C65F251EB9E100385BB9 /* Project object */;
}
